
Microsoft Visual Studio Solution File, Format Version 12.00
# Visual Studio 15
VisualStudioVersion = 15.0.27428.2037
MinimumVisualStudioVersion = 10.0.40219.1
Project("{FAE04EC0-301F-11D3-BF4B-00C04F79EFBC}") = "ConsoleApp4", "ConsoleApp4\ConsoleApp4.csproj", "{C8FCA935-9A9F-450F-A473-5DA3C497A063}"
EndProject
Global
	GlobalSection(SolutionConfigurationPlatforms) = preSolution
		Debug|Any CPU = Debug|Any CPU
		Release|Any CPU = Release|Any CPU
	EndGlobalSection
	GlobalSection(ProjectConfigurationPlatforms) = postSolution
		{C8FCA935-9A9F-450F-A473-5DA3C497A063}.Debug|Any CPU.ActiveCfg = Debug|Any CPU
		{C8FCA935-9A9F-450F-A473-5DA3C497A063}.Debug|Any CPU.Build.0 = Debug|Any CPU
		{C8FCA935-9A9F-450F-A473-5DA3C497A063}.Release|Any CPU.ActiveCfg = Release|Any CPU
		{C8FCA935-9A9F-450F-A473-5DA3C497A063}.Release|Any CPU.Build.0 = Release|Any CPU
	EndGlobalSection
	GlobalSection(SolutionProperties) = preSolution
		HideSolutionNode = FALSE
	EndGlobalSection
	GlobalSection(ExtensibilityGlobals) = postSolution
		SolutionGuid = {0BEAB1CB-6D28-4849-B383-A4038AE0AAAD}
	EndGlobalSection
EndGlobal
